
Microsoft Visual Studio Solution File, Format Version 12.00
# Visual Studio Version 16
VisualStudioVersion = 16.0.29215.179
MinimumVisualStudioVersion = 10.0.40219.1
Project("{FAE04EC0-301F-11D3-BF4B-00C04F79EFBC}") = "condiloops", "condiloops\condiloops.csproj", "{3DCB25DF-D7DA-49A8-8EC1-65F2EA19B136}"
EndProject
Global
	GlobalSection(SolutionConfigurationPlatforms) = preSolution
		Debug|Any CPU = Debug|Any CPU
		Release|Any CPU = Release|Any CPU
	EndGlobalSection
	GlobalSection(ProjectConfigurationPlatforms) = postSolution
		{3DCB25DF-D7DA-49A8-8EC1-65F2EA19B136}.Debug|Any CPU.ActiveCfg = Debug|Any CPU
		{3DCB25DF-D7DA-49A8-8EC1-65F2EA19B136}.Debug|Any CPU.Build.0 = Debug|Any CPU
		{3DCB25DF-D7DA-49A8-8EC1-65F2EA19B136}.Release|Any CPU.ActiveCfg = Release|Any CPU
		{3DCB25DF-D7DA-49A8-8EC1-65F2EA19B136}.Release|Any CPU.Build.0 = Release|Any CPU
	EndGlobalSection
	GlobalSection(SolutionProperties) = preSolution
		HideSolutionNode = FALSE
	EndGlobalSection
	GlobalSection(ExtensibilityGlobals) = postSolution
		SolutionGuid = {C9A25E45-5CDE-488F-8E96-7B89AA8496D0}
	EndGlobalSection
EndGlobal
